
Microsoft Visual Studio Solution File, Format Version 12.00
# Visual Studio Version 17
VisualStudioVersion = 17.3.32825.248
MinimumVisualStudioVersion = 10.0.40219.1
Project("{FAE04EC0-301F-11D3-BF4B-00C04F79EFBC}") = "BaratokOOP", "BaratokOOP\BaratokOOP.csproj", "{AB8DB2CC-363D-4E97-8C0C-6292D87220B9}"
EndProject
Global
	GlobalSection(SolutionConfigurationPlatforms) = preSolution
		Debug|Any CPU = Debug|Any CPU
		Release|Any CPU = Release|Any CPU
	EndGlobalSection
	GlobalSection(ProjectConfigurationPlatforms) = postSolution
		{AB8DB2CC-363D-4E97-8C0C-6292D87220B9}.Debug|Any CPU.ActiveCfg = Debug|Any CPU
		{AB8DB2CC-363D-4E97-8C0C-6292D87220B9}.Debug|Any CPU.Build.0 = Debug|Any CPU
		{AB8DB2CC-363D-4E97-8C0C-6292D87220B9}.Release|Any CPU.ActiveCfg = Release|Any CPU
		{AB8DB2CC-363D-4E97-8C0C-6292D87220B9}.Release|Any CPU.Build.0 = Release|Any CPU
	EndGlobalSection
	GlobalSection(SolutionProperties) = preSolution
		HideSolutionNode = FALSE
	EndGlobalSection
	GlobalSection(ExtensibilityGlobals) = postSolution
		SolutionGuid = {D4F61877-2858-4DE0-8EBD-8364C0F02611}
	EndGlobalSection
EndGlobal
