
Microsoft Visual Studio Solution File, Format Version 12.00
# Visual Studio Version 17
VisualStudioVersion = 17.3.32825.248
MinimumVisualStudioVersion = 10.0.40219.1
Project("{FAE04EC0-301F-11D3-BF4B-00C04F79EFBC}") = "BaratokScreen", "BaratokScreen\BaratokScreen.csproj", "{EE646E41-1165-4447-95CE-F5F939DA8F18}"
EndProject
Global
	GlobalSection(SolutionConfigurationPlatforms) = preSolution
		Debug|Any CPU = Debug|Any CPU
		Release|Any CPU = Release|Any CPU
	EndGlobalSection
	GlobalSection(ProjectConfigurationPlatforms) = postSolution
		{EE646E41-1165-4447-95CE-F5F939DA8F18}.Debug|Any CPU.ActiveCfg = Debug|Any CPU
		{EE646E41-1165-4447-95CE-F5F939DA8F18}.Debug|Any CPU.Build.0 = Debug|Any CPU
		{EE646E41-1165-4447-95CE-F5F939DA8F18}.Release|Any CPU.ActiveCfg = Release|Any CPU
		{EE646E41-1165-4447-95CE-F5F939DA8F18}.Release|Any CPU.Build.0 = Release|Any CPU
	EndGlobalSection
	GlobalSection(SolutionProperties) = preSolution
		HideSolutionNode = FALSE
	EndGlobalSection
	GlobalSection(ExtensibilityGlobals) = postSolution
		SolutionGuid = {8069D9EA-C74B-4C1A-BDDA-F719531A2BEF}
	EndGlobalSection
EndGlobal
